
Microsoft Visual Studio Solution File, Format Version 12.00
# Visual Studio Version 17
VisualStudioVersion = 17.14.36202.13 d17.14
MinimumVisualStudioVersion = 10.0.40219.1
Project("{8BC9CEB8-8B4A-11D0-8D11-00A0C91BC942}") = "FileArchiver", "FileArchiver.vcxproj", "{0D80C809-5373-49D5-87A0-5B9AA2F049BA}"
EndProject
Global
	GlobalSection(SolutionConfigurationPlatforms) = preSolution
		Debug|x64 = Debug|x64
		Debug|x86 = Debug|x86
		Release|x64 = Release|x64
		Release|x86 = Release|x86
	EndGlobalSection
	GlobalSection(ProjectConfigurationPlatforms) = postSolution
		{0D80C809-5373-49D5-87A0-5B9AA2F049BA}.Debug|x64.ActiveCfg = Debug|x64
		{0D80C809-5373-49D5-87A0-5B9AA2F049BA}.Debug|x64.Build.0 = Debug|x64
		{0D80C809-5373-49D5-87A0-5B9AA2F049BA}.Debug|x86.ActiveCfg = Debug|Win32
		{0D80C809-5373-49D5-87A0-5B9AA2F049BA}.Debug|x86.Build.0 = Debug|Win32
		{0D80C809-5373-49D5-87A0-5B9AA2F049BA}.Release|x64.ActiveCfg = Release|x64
		{0D80C809-5373-49D5-87A0-5B9AA2F049BA}.Release|x64.Build.0 = Release|x64
		{0D80C809-5373-49D5-87A0-5B9AA2F049BA}.Release|x86.ActiveCfg = Release|Win32
		{0D80C809-5373-49D5-87A0-5B9AA2F049BA}.Release|x86.Build.0 = Release|Win32
	EndGlobalSection
	GlobalSection(SolutionProperties) = preSolution
		HideSolutionNode = FALSE
	EndGlobalSection
	GlobalSection(ExtensibilityGlobals) = postSolution
		SolutionGuid = {9685A706-7D61-46E0-ACAE-C838B491506D}
	EndGlobalSection
EndGlobal
